
Microsoft Visual Studio Solution File, Format Version 12.00
# Visual Studio Version 17
VisualStudioVersion = 17.4.33213.308
MinimumVisualStudioVersion = 10.0.40219.1
Project("{9A19103F-16F7-4668-BE54-9A1E7A4F7556}") = "BusinessLayer", "BusinessLayer\BusinessLayer.csproj", "{ABE9EEB4-922A-4174-917B-21EF00C83D0B}"
EndProject
Project("{9A19103F-16F7-4668-BE54-9A1E7A4F7556}") = "DataLayer", "DataLayer\DataLayer.csproj", "{31910AF2-810E-4F50-AD1B-8F59089FF2F9}"
EndProject
Project("{9A19103F-16F7-4668-BE54-9A1E7A4F7556}") = "TestingLayer", "TestingLayer\TestingLayer.csproj", "{B7957A6C-DD19-4669-AF33-D65E0C4CA772}"
EndProject
Global
	GlobalSection(SolutionConfigurationPlatforms) = preSolution
		Debug|Any CPU = Debug|Any CPU
		Release|Any CPU = Release|Any CPU
	EndGlobalSection
	GlobalSection(ProjectConfigurationPlatforms) = postSolution
		{ABE9EEB4-922A-4174-917B-21EF00C83D0B}.Debug|Any CPU.ActiveCfg = Debug|Any CPU
		{ABE9EEB4-922A-4174-917B-21EF00C83D0B}.Debug|Any CPU.Build.0 = Debug|Any CPU
		{ABE9EEB4-922A-4174-917B-21EF00C83D0B}.Release|Any CPU.ActiveCfg = Release|Any CPU
		{ABE9EEB4-922A-4174-917B-21EF00C83D0B}.Release|Any CPU.Build.0 = Release|Any CPU
		{31910AF2-810E-4F50-AD1B-8F59089FF2F9}.Debug|Any CPU.ActiveCfg = Debug|Any CPU
		{31910AF2-810E-4F50-AD1B-8F59089FF2F9}.Debug|Any CPU.Build.0 = Debug|Any CPU
		{31910AF2-810E-4F50-AD1B-8F59089FF2F9}.Release|Any CPU.ActiveCfg = Release|Any CPU
		{31910AF2-810E-4F50-AD1B-8F59089FF2F9}.Release|Any CPU.Build.0 = Release|Any CPU
		{B7957A6C-DD19-4669-AF33-D65E0C4CA772}.Debug|Any CPU.ActiveCfg = Debug|Any CPU
		{B7957A6C-DD19-4669-AF33-D65E0C4CA772}.Debug|Any CPU.Build.0 = Debug|Any CPU
		{B7957A6C-DD19-4669-AF33-D65E0C4CA772}.Release|Any CPU.ActiveCfg = Release|Any CPU
		{B7957A6C-DD19-4669-AF33-D65E0C4CA772}.Release|Any CPU.Build.0 = Release|Any CPU
	EndGlobalSection
	GlobalSection(SolutionProperties) = preSolution
		HideSolutionNode = FALSE
	EndGlobalSection
	GlobalSection(ExtensibilityGlobals) = postSolution
		SolutionGuid = {27507FF3-7FE4-481A-8C76-01F9D2ECC480}
	EndGlobalSection
EndGlobal
